
Microsoft Visual Studio Solution File, Format Version 12.00
# Visual Studio Version 17
VisualStudioVersion = 17.0.31903.59
MinimumVisualStudioVersion = 10.0.40219.1
Project("{2150E333-8FDC-42A3-9474-1A3956D46DE8}") = "src", "src", "{827E0CD3-B72D-47B6-A68D-7590B98EB39B}"
EndProject
Project("{FAE04EC0-301F-11D3-BF4B-00C04F79EFBC}") = "Konta.Shared", "src\Konta.Shared\Konta.Shared.csproj", "{CC9DC06F-BBF5-4BDF-99C2-880914E70F75}"
EndProject
Project("{FAE04EC0-301F-11D3-BF4B-00C04F79EFBC}") = "Konta.Identity", "src\Konta.Identity\Konta.Identity.csproj", "{75DF9A74-8615-4368-B4BE-DE4A42D46BD2}"
EndProject
Project("{FAE04EC0-301F-11D3-BF4B-00C04F79EFBC}") = "Konta.Tenant", "src\Konta.Tenant\Konta.Tenant.csproj", "{3A44C624-ED05-4A82-86B9-C8A3724D2E52}"
EndProject
Project("{2150E333-8FDC-42A3-9474-1A3956D46DE8}") = "Helpers", "Helpers", "{02EA681E-C7D8-13C7-8484-4AC65E1B71E8}"
	ProjectSection(SolutionItems) = preProject
		helperDoc.txt = helperDoc.txt
	EndProjectSection
EndProject
Project("{FAE04EC0-301F-11D3-BF4B-00C04F79EFBC}") = "Konta.Billing", "src\Konta.Billing\Konta.Billing.csproj", "{F9E80943-8101-496A-9AA2-AB1F04FF6504}"
EndProject
Project("{FAE04EC0-301F-11D3-BF4B-00C04F79EFBC}") = "Konta.Finance", "src\Konta.Finance\Konta.Finance.csproj", "{DA613EC9-0C50-4240-ACE0-4E63C3DC882F}"
EndProject
Project("{FAE04EC0-301F-11D3-BF4B-00C04F79EFBC}") = "Konta.Ocr", "src\Konta.Ocr\Konta.Ocr.csproj", "{23958585-D9F1-4331-BDBD-6C2F7279B8F3}"
EndProject
Project("{FAE04EC0-301F-11D3-BF4B-00C04F79EFBC}") = "Konta.Finance.Core", "src\Konta.Finance.Core\Konta.Finance.Core.csproj", "{C20CCC2D-C0BA-4C9A-A371-D3734C1FF1A9}"
EndProject
Project("{FAE04EC0-301F-11D3-BF4B-00C04F79EFBC}") = "Konta.Reporting", "src\Konta.Reporting\Konta.Reporting.csproj", "{3FF693D3-4CEA-41F6-85C6-2AB1231BEE4A}"
EndProject
Project("{FAE04EC0-301F-11D3-BF4B-00C04F79EFBC}") = "Konta.Gateway", "src\Konta.Gateway\Konta.Gateway.csproj", "{77DA40D2-29F2-4FC0-8665-1A30883C439F}"
EndProject
Global
	GlobalSection(SolutionConfigurationPlatforms) = preSolution
		Debug|Any CPU = Debug|Any CPU
		Debug|x64 = Debug|x64
		Debug|x86 = Debug|x86
		Release|Any CPU = Release|Any CPU
		Release|x64 = Release|x64
		Release|x86 = Release|x86
	EndGlobalSection
	GlobalSection(ProjectConfigurationPlatforms) = postSolution
		{CC9DC06F-BBF5-4BDF-99C2-880914E70F75}.Debug|Any CPU.ActiveCfg = Debug|Any CPU
		{CC9DC06F-BBF5-4BDF-99C2-880914E70F75}.Debug|Any CPU.Build.0 = Debug|Any CPU
		{CC9DC06F-BBF5-4BDF-99C2-880914E70F75}.Debug|x64.ActiveCfg = Debug|Any CPU
		{CC9DC06F-BBF5-4BDF-99C2-880914E70F75}.Debug|x64.Build.0 = Debug|Any CPU
		{CC9DC06F-BBF5-4BDF-99C2-880914E70F75}.Debug|x86.ActiveCfg = Debug|Any CPU
		{CC9DC06F-BBF5-4BDF-99C2-880914E70F75}.Debug|x86.Build.0 = Debug|Any CPU
		{CC9DC06F-BBF5-4BDF-99C2-880914E70F75}.Release|Any CPU.ActiveCfg = Release|Any CPU
		{CC9DC06F-BBF5-4BDF-99C2-880914E70F75}.Release|Any CPU.Build.0 = Release|Any CPU
		{CC9DC06F-BBF5-4BDF-99C2-880914E70F75}.Release|x64.ActiveCfg = Release|Any CPU
		{CC9DC06F-BBF5-4BDF-99C2-880914E70F75}.Release|x64.Build.0 = Release|Any CPU
		{CC9DC06F-BBF5-4BDF-99C2-880914E70F75}.Release|x86.ActiveCfg = Release|Any CPU
		{CC9DC06F-BBF5-4BDF-99C2-880914E70F75}.Release|x86.Build.0 = Release|Any CPU
		{75DF9A74-8615-4368-B4BE-DE4A42D46BD2}.Debug|Any CPU.ActiveCfg = Debug|Any CPU
		{75DF9A74-8615-4368-B4BE-DE4A42D46BD2}.Debug|Any CPU.Build.0 = Debug|Any CPU
		{75DF9A74-8615-4368-B4BE-DE4A42D46BD2}.Debug|x64.ActiveCfg = Debug|Any CPU
		{75DF9A74-8615-4368-B4BE-DE4A42D46BD2}.Debug|x64.Build.0 = Debug|Any CPU
		{75DF9A74-8615-4368-B4BE-DE4A42D46BD2}.Debug|x86.ActiveCfg = Debug|Any CPU
		{75DF9A74-8615-4368-B4BE-DE4A42D46BD2}.Debug|x86.Build.0 = Debug|Any CPU
		{75DF9A74-8615-4368-B4BE-DE4A42D46BD2}.Release|Any CPU.ActiveCfg = Release|Any CPU
		{75DF9A74-8615-4368-B4BE-DE4A42D46BD2}.Release|Any CPU.Build.0 = Release|Any CPU
		{75DF9A74-8615-4368-B4BE-DE4A42D46BD2}.Release|x64.ActiveCfg = Release|Any CPU
		{75DF9A74-8615-4368-B4BE-DE4A42D46BD2}.Release|x64.Build.0 = Release|Any CPU
		{75DF9A74-8615-4368-B4BE-DE4A42D46BD2}.Release|x86.ActiveCfg = Release|Any CPU
		{75DF9A74-8615-4368-B4BE-DE4A42D46BD2}.Release|x86.Build.0 = Release|Any CPU
		{3A44C624-ED05-4A82-86B9-C8A3724D2E52}.Debug|Any CPU.ActiveCfg = Debug|Any CPU
		{3A44C624-ED05-4A82-86B9-C8A3724D2E52}.Debug|Any CPU.Build.0 = Debug|Any CPU
		{3A44C624-ED05-4A82-86B9-C8A3724D2E52}.Debug|x64.ActiveCfg = Debug|Any CPU
		{3A44C624-ED05-4A82-86B9-C8A3724D2E52}.Debug|x64.Build.0 = Debug|Any CPU
		{3A44C624-ED05-4A82-86B9-C8A3724D2E52}.Debug|x86.ActiveCfg = Debug|Any CPU
		{3A44C624-ED05-4A82-86B9-C8A3724D2E52}.Debug|x86.Build.0 = Debug|Any CPU
		{3A44C624-ED05-4A82-86B9-C8A3724D2E52}.Release|Any CPU.ActiveCfg = Release|Any CPU
		{3A44C624-ED05-4A82-86B9-C8A3724D2E52}.Release|Any CPU.Build.0 = Release|Any CPU
		{3A44C624-ED05-4A82-86B9-C8A3724D2E52}.Release|x64.ActiveCfg = Release|Any CPU
		{3A44C624-ED05-4A82-86B9-C8A3724D2E52}.Release|x64.Build.0 = Release|Any CPU
		{3A44C624-ED05-4A82-86B9-C8A3724D2E52}.Release|x86.ActiveCfg = Release|Any CPU
		{3A44C624-ED05-4A82-86B9-C8A3724D2E52}.Release|x86.Build.0 = Release|Any CPU
		{F9E80943-8101-496A-9AA2-AB1F04FF6504}.Debug|Any CPU.ActiveCfg = Debug|Any CPU
		{F9E80943-8101-496A-9AA2-AB1F04FF6504}.Debug|Any CPU.Build.0 = Debug|Any CPU
		{F9E80943-8101-496A-9AA2-AB1F04FF6504}.Debug|x64.ActiveCfg = Debug|Any CPU
		{F9E80943-8101-496A-9AA2-AB1F04FF6504}.Debug|x64.Build.0 = Debug|Any CPU
		{F9E80943-8101-496A-9AA2-AB1F04FF6504}.Debug|x86.ActiveCfg = Debug|Any CPU
		{F9E80943-8101-496A-9AA2-AB1F04FF6504}.Debug|x86.Build.0 = Debug|Any CPU
		{F9E80943-8101-496A-9AA2-AB1F04FF6504}.Release|Any CPU.ActiveCfg = Release|Any CPU
		{F9E80943-8101-496A-9AA2-AB1F04FF6504}.Release|Any CPU.Build.0 = Release|Any CPU
		{F9E80943-8101-496A-9AA2-AB1F04FF6504}.Release|x64.ActiveCfg = Release|Any CPU
		{F9E80943-8101-496A-9AA2-AB1F04FF6504}.Release|x64.Build.0 = Release|Any CPU
		{F9E80943-8101-496A-9AA2-AB1F04FF6504}.Release|x86.ActiveCfg = Release|Any CPU
		{F9E80943-8101-496A-9AA2-AB1F04FF6504}.Release|x86.Build.0 = Release|Any CPU
		{DA613EC9-0C50-4240-ACE0-4E63C3DC882F}.Debug|Any CPU.ActiveCfg = Debug|Any CPU
		{DA613EC9-0C50-4240-ACE0-4E63C3DC882F}.Debug|Any CPU.Build.0 = Debug|Any CPU
		{DA613EC9-0C50-4240-ACE0-4E63C3DC882F}.Debug|x64.ActiveCfg = Debug|Any CPU
		{DA613EC9-0C50-4240-ACE0-4E63C3DC882F}.Debug|x64.Build.0 = Debug|Any CPU
		{DA613EC9-0C50-4240-ACE0-4E63C3DC882F}.Debug|x86.ActiveCfg = Debug|Any CPU
		{DA613EC9-0C50-4240-ACE0-4E63C3DC882F}.Debug|x86.Build.0 = Debug|Any CPU
		{DA613EC9-0C50-4240-ACE0-4E63C3DC882F}.Release|Any CPU.ActiveCfg = Release|Any CPU
		{DA613EC9-0C50-4240-ACE0-4E63C3DC882F}.Release|Any CPU.Build.0 = Release|Any CPU
		{DA613EC9-0C50-4240-ACE0-4E63C3DC882F}.Release|x64.ActiveCfg = Release|Any CPU
		{DA613EC9-0C50-4240-ACE0-4E63C3DC882F}.Release|x64.Build.0 = Release|Any CPU
		{DA613EC9-0C50-4240-ACE0-4E63C3DC882F}.Release|x86.ActiveCfg = Release|Any CPU
		{DA613EC9-0C50-4240-ACE0-4E63C3DC882F}.Release|x86.Build.0 = Release|Any CPU
		{23958585-D9F1-4331-BDBD-6C2F7279B8F3}.Debug|Any CPU.ActiveCfg = Debug|Any CPU
		{23958585-D9F1-4331-BDBD-6C2F7279B8F3}.Debug|Any CPU.Build.0 = Debug|Any CPU
		{23958585-D9F1-4331-BDBD-6C2F7279B8F3}.Debug|x64.ActiveCfg = Debug|Any CPU
		{23958585-D9F1-4331-BDBD-6C2F7279B8F3}.Debug|x64.Build.0 = Debug|Any CPU
		{23958585-D9F1-4331-BDBD-6C2F7279B8F3}.Debug|x86.ActiveCfg = Debug|Any CPU
		{23958585-D9F1-4331-BDBD-6C2F7279B8F3}.Debug|x86.Build.0 = Debug|Any CPU
		{23958585-D9F1-4331-BDBD-6C2F7279B8F3}.Release|Any CPU.ActiveCfg = Release|Any CPU
		{23958585-D9F1-4331-BDBD-6C2F7279B8F3}.Release|Any CPU.Build.0 = Release|Any CPU
		{23958585-D9F1-4331-BDBD-6C2F7279B8F3}.Release|x64.ActiveCfg = Release|Any CPU
		{23958585-D9F1-4331-BDBD-6C2F7279B8F3}.Release|x64.Build.0 = Release|Any CPU
		{23958585-D9F1-4331-BDBD-6C2F7279B8F3}.Release|x86.ActiveCfg = Release|Any CPU
		{23958585-D9F1-4331-BDBD-6C2F7279B8F3}.Release|x86.Build.0 = Release|Any CPU
		{C20CCC2D-C0BA-4C9A-A371-D3734C1FF1A9}.Debug|Any CPU.ActiveCfg = Debug|Any CPU
		{C20CCC2D-C0BA-4C9A-A371-D3734C1FF1A9}.Debug|Any CPU.Build.0 = Debug|Any CPU
		{C20CCC2D-C0BA-4C9A-A371-D3734C1FF1A9}.Debug|x64.ActiveCfg = Debug|Any CPU
		{C20CCC2D-C0BA-4C9A-A371-D3734C1FF1A9}.Debug|x64.Build.0 = Debug|Any CPU
		{C20CCC2D-C0BA-4C9A-A371-D3734C1FF1A9}.Debug|x86.ActiveCfg = Debug|Any CPU
		{C20CCC2D-C0BA-4C9A-A371-D3734C1FF1A9}.Debug|x86.Build.0 = Debug|Any CPU
		{C20CCC2D-C0BA-4C9A-A371-D3734C1FF1A9}.Release|Any CPU.ActiveCfg = Release|Any CPU
		{C20CCC2D-C0BA-4C9A-A371-D3734C1FF1A9}.Release|Any CPU.Build.0 = Release|Any CPU
		{C20CCC2D-C0BA-4C9A-A371-D3734C1FF1A9}.Release|x64.ActiveCfg = Release|Any CPU
		{C20CCC2D-C0BA-4C9A-A371-D3734C1FF1A9}.Release|x64.Build.0 = Release|Any CPU
		{C20CCC2D-C0BA-4C9A-A371-D3734C1FF1A9}.Release|x86.ActiveCfg = Release|Any CPU
		{C20CCC2D-C0BA-4C9A-A371-D3734C1FF1A9}.Release|x86.Build.0 = Release|Any CPU
		{3FF693D3-4CEA-41F6-85C6-2AB1231BEE4A}.Debug|Any CPU.ActiveCfg = Debug|Any CPU
		{3FF693D3-4CEA-41F6-85C6-2AB1231BEE4A}.Debug|Any CPU.Build.0 = Debug|Any CPU
		{3FF693D3-4CEA-41F6-85C6-2AB1231BEE4A}.Debug|x64.ActiveCfg = Debug|Any CPU
		{3FF693D3-4CEA-41F6-85C6-2AB1231BEE4A}.Debug|x64.Build.0 = Debug|Any CPU
		{3FF693D3-4CEA-41F6-85C6-2AB1231BEE4A}.Debug|x86.ActiveCfg = Debug|Any CPU
		{3FF693D3-4CEA-41F6-85C6-2AB1231BEE4A}.Debug|x86.Build.0 = Debug|Any CPU
		{3FF693D3-4CEA-41F6-85C6-2AB1231BEE4A}.Release|Any CPU.ActiveCfg = Release|Any CPU
		{3FF693D3-4CEA-41F6-85C6-2AB1231BEE4A}.Release|Any CPU.Build.0 = Release|Any CPU
		{3FF693D3-4CEA-41F6-85C6-2AB1231BEE4A}.Release|x64.ActiveCfg = Release|Any CPU
		{3FF693D3-4CEA-41F6-85C6-2AB1231BEE4A}.Release|x64.Build.0 = Release|Any CPU
		{3FF693D3-4CEA-41F6-85C6-2AB1231BEE4A}.Release|x86.ActiveCfg = Release|Any CPU
		{3FF693D3-4CEA-41F6-85C6-2AB1231BEE4A}.Release|x86.Build.0 = Release|Any CPU
		{77DA40D2-29F2-4FC0-8665-1A30883C439F}.Debug|Any CPU.ActiveCfg = Debug|Any CPU
		{77DA40D2-29F2-4FC0-8665-1A30883C439F}.Debug|Any CPU.Build.0 = Debug|Any CPU
		{77DA40D2-29F2-4FC0-8665-1A30883C439F}.Debug|x64.ActiveCfg = Debug|Any CPU
		{77DA40D2-29F2-4FC0-8665-1A30883C439F}.Debug|x64.Build.0 = Debug|Any CPU
		{77DA40D2-29F2-4FC0-8665-1A30883C439F}.Debug|x86.ActiveCfg = Debug|Any CPU
		{77DA40D2-29F2-4FC0-8665-1A30883C439F}.Debug|x86.Build.0 = Debug|Any CPU
		{77DA40D2-29F2-4FC0-8665-1A30883C439F}.Release|Any CPU.ActiveCfg = Release|Any CPU
		{77DA40D2-29F2-4FC0-8665-1A30883C439F}.Release|Any CPU.Build.0 = Release|Any CPU
		{77DA40D2-29F2-4FC0-8665-1A30883C439F}.Release|x64.ActiveCfg = Release|Any CPU
		{77DA40D2-29F2-4FC0-8665-1A30883C439F}.Release|x64.Build.0 = Release|Any CPU
		{77DA40D2-29F2-4FC0-8665-1A30883C439F}.Release|x86.ActiveCfg = Release|Any CPU
		{77DA40D2-29F2-4FC0-8665-1A30883C439F}.Release|x86.Build.0 = Release|Any CPU
	EndGlobalSection
	GlobalSection(SolutionProperties) = preSolution
		HideSolutionNode = FALSE
	EndGlobalSection
	GlobalSection(NestedProjects) = preSolution
		{CC9DC06F-BBF5-4BDF-99C2-880914E70F75} = {827E0CD3-B72D-47B6-A68D-7590B98EB39B}
		{75DF9A74-8615-4368-B4BE-DE4A42D46BD2} = {827E0CD3-B72D-47B6-A68D-7590B98EB39B}
		{3A44C624-ED05-4A82-86B9-C8A3724D2E52} = {827E0CD3-B72D-47B6-A68D-7590B98EB39B}
		{F9E80943-8101-496A-9AA2-AB1F04FF6504} = {827E0CD3-B72D-47B6-A68D-7590B98EB39B}
		{DA613EC9-0C50-4240-ACE0-4E63C3DC882F} = {827E0CD3-B72D-47B6-A68D-7590B98EB39B}
		{23958585-D9F1-4331-BDBD-6C2F7279B8F3} = {827E0CD3-B72D-47B6-A68D-7590B98EB39B}
		{C20CCC2D-C0BA-4C9A-A371-D3734C1FF1A9} = {827E0CD3-B72D-47B6-A68D-7590B98EB39B}
		{3FF693D3-4CEA-41F6-85C6-2AB1231BEE4A} = {827E0CD3-B72D-47B6-A68D-7590B98EB39B}
		{77DA40D2-29F2-4FC0-8665-1A30883C439F} = {827E0CD3-B72D-47B6-A68D-7590B98EB39B}
	EndGlobalSection
EndGlobal
